
Microsoft Visual Studio Solution File, Format Version 12.00
# Visual Studio Version 17
VisualStudioVersion = 17.11.35208.52
MinimumVisualStudioVersion = 10.0.40219.1
Project("{9A19103F-16F7-4668-BE54-9A1E7A4F7556}") = "TaskManager.API", "TaskManager.API\TaskManager.API.csproj", "{7A8F4DDB-7741-4913-8A06-35631E32335C}"
EndProject
Project("{9A19103F-16F7-4668-BE54-9A1E7A4F7556}") = "TaskManager.API.Tests", "TaskManager.API.Tests\TaskManager.API.Tests.csproj", "{9F6E5A51-7D93-4487-9658-5053A08F2DB9}"
EndProject
Project("{9A19103F-16F7-4668-BE54-9A1E7A4F7556}") = "TaskManager.Services", "TaskManager.Services\TaskManager.Services.csproj", "{D96B5E9C-21F0-4B60-A192-00196BDA62C1}"
EndProject
Project("{9A19103F-16F7-4668-BE54-9A1E7A4F7556}") = "TaskManager.Models", "TaskManager.Models\TaskManager.Models.csproj", "{12B800F6-725E-4C2B-B4E8-EDD9116263E5}"
EndProject
Project("{9A19103F-16F7-4668-BE54-9A1E7A4F7556}") = "TaskManager.DataAccess", "TaskManager.DataAccess\TaskManager.DataAccess.csproj", "{83BF72CB-AA0D-490A-B05F-8278508E94A7}"
EndProject
Project("{FAE04EC0-301F-11D3-BF4B-00C04F79EFBC}") = "TaskManager.DataAccess.Tests", "TaskManager.DataAccess.Tests\TaskManager.DataAccess.Tests.csproj", "{67DE2475-D0F8-48A4-9828-AA02FA370450}"
EndProject
Global
	GlobalSection(SolutionConfigurationPlatforms) = preSolution
		Debug|Any CPU = Debug|Any CPU
		Release|Any CPU = Release|Any CPU
	EndGlobalSection
	GlobalSection(ProjectConfigurationPlatforms) = postSolution
		{7A8F4DDB-7741-4913-8A06-35631E32335C}.Debug|Any CPU.ActiveCfg = Debug|Any CPU
		{7A8F4DDB-7741-4913-8A06-35631E32335C}.Debug|Any CPU.Build.0 = Debug|Any CPU
		{7A8F4DDB-7741-4913-8A06-35631E32335C}.Release|Any CPU.ActiveCfg = Release|Any CPU
		{7A8F4DDB-7741-4913-8A06-35631E32335C}.Release|Any CPU.Build.0 = Release|Any CPU
		{9F6E5A51-7D93-4487-9658-5053A08F2DB9}.Debug|Any CPU.ActiveCfg = Debug|Any CPU
		{9F6E5A51-7D93-4487-9658-5053A08F2DB9}.Debug|Any CPU.Build.0 = Debug|Any CPU
		{9F6E5A51-7D93-4487-9658-5053A08F2DB9}.Release|Any CPU.ActiveCfg = Release|Any CPU
		{9F6E5A51-7D93-4487-9658-5053A08F2DB9}.Release|Any CPU.Build.0 = Release|Any CPU
		{D96B5E9C-21F0-4B60-A192-00196BDA62C1}.Debug|Any CPU.ActiveCfg = Debug|Any CPU
		{D96B5E9C-21F0-4B60-A192-00196BDA62C1}.Debug|Any CPU.Build.0 = Debug|Any CPU
		{D96B5E9C-21F0-4B60-A192-00196BDA62C1}.Release|Any CPU.ActiveCfg = Release|Any CPU
		{D96B5E9C-21F0-4B60-A192-00196BDA62C1}.Release|Any CPU.Build.0 = Release|Any CPU
		{12B800F6-725E-4C2B-B4E8-EDD9116263E5}.Debug|Any CPU.ActiveCfg = Debug|Any CPU
		{12B800F6-725E-4C2B-B4E8-EDD9116263E5}.Debug|Any CPU.Build.0 = Debug|Any CPU
		{12B800F6-725E-4C2B-B4E8-EDD9116263E5}.Release|Any CPU.ActiveCfg = Release|Any CPU
		{12B800F6-725E-4C2B-B4E8-EDD9116263E5}.Release|Any CPU.Build.0 = Release|Any CPU
		{83BF72CB-AA0D-490A-B05F-8278508E94A7}.Debug|Any CPU.ActiveCfg = Debug|Any CPU
		{83BF72CB-AA0D-490A-B05F-8278508E94A7}.Debug|Any CPU.Build.0 = Debug|Any CPU
		{83BF72CB-AA0D-490A-B05F-8278508E94A7}.Release|Any CPU.ActiveCfg = Release|Any CPU
		{83BF72CB-AA0D-490A-B05F-8278508E94A7}.Release|Any CPU.Build.0 = Release|Any CPU
		{67DE2475-D0F8-48A4-9828-AA02FA370450}.Debug|Any CPU.ActiveCfg = Debug|Any CPU
		{67DE2475-D0F8-48A4-9828-AA02FA370450}.Debug|Any CPU.Build.0 = Debug|Any CPU
		{67DE2475-D0F8-48A4-9828-AA02FA370450}.Release|Any CPU.ActiveCfg = Release|Any CPU
		{67DE2475-D0F8-48A4-9828-AA02FA370450}.Release|Any CPU.Build.0 = Release|Any CPU
	EndGlobalSection
	GlobalSection(SolutionProperties) = preSolution
		HideSolutionNode = FALSE
	EndGlobalSection
	GlobalSection(ExtensibilityGlobals) = postSolution
		SolutionGuid = {F6C42258-0B4D-4C5F-B6F1-7AC690DDBE58}
	EndGlobalSection
EndGlobal
